// !$*UTF8*$!
{
	archiveVersion = 1;
	classes = {
	};
	objectVersion = 56;
	objects = {

/* Begin PBXBuildFile section */
		4D3895672A56F96C002EBC3B /* InsetFactView.swift in Sources */ = {isa = PBXBuildFile; fileRef = 4D3895662A56F96C002EBC3B /* InsetFactView.swift */; };
		4D3895692A56FF6B002EBC3B /* InsetMapView.swift in Sources */ = {isa = PBXBuildFile; fileRef = 4D3895682A56FF6B002EBC3B /* InsetMapView.swift */; };
		4D38956B2A5704B8002EBC3B /* ExternalWeblinkView.swift in Sources */ = {isa = PBXBuildFile; fileRef = 4D38956A2A5704B8002EBC3B /* ExternalWeblinkView.swift */; };
		4D38956D2A570D5F002EBC3B /* VideoModel.swift in Sources */ = {isa = PBXBuildFile; fileRef = 4D38956C2A570D5F002EBC3B /* VideoModel.swift */; };
		4D38956F2A570DC4002EBC3B /* VideoListItemView.swift in Sources */ = {isa = PBXBuildFile; fileRef = 4D38956E2A570DC4002EBC3B /* VideoListItemView.swift */; };
		4D3895712A572325002EBC3B /* VideoPlayerView.swift in Sources */ = {isa = PBXBuildFile; fileRef = 4D3895702A572325002EBC3B /* VideoPlayerView.swift */; };
		4D3895742A5724A3002EBC3B /* VideoPlayerHelper.swift in Sources */ = {isa = PBXBuildFile; fileRef = 4D3895732A5724A3002EBC3B /* VideoPlayerHelper.swift */; };
		4D3CF9022A4F0CA000337F04 /* CoverImageView.swift in Sources */ = {isa = PBXBuildFile; fileRef = 4D3CF9012A4F0CA000337F04 /* CoverImageView.swift */; };
		4D3CF9052A4F106700337F04 /* CoverImageModel.swift in Sources */ = {isa = PBXBuildFile; fileRef = 4D3CF9042A4F106700337F04 /* CoverImageModel.swift */; };
		4D3CF9082A4F11C100337F04 /* CodbleBundle+Extension.swift in Sources */ = {isa = PBXBuildFile; fileRef = 4D3CF9072A4F11C100337F04 /* CodbleBundle+Extension.swift */; };
		4D3CF90A2A4F17D800337F04 /* AnimalListItemView.swift in Sources */ = {isa = PBXBuildFile; fileRef = 4D3CF9092A4F17D800337F04 /* AnimalListItemView.swift */; };
		4D3CF90C2A4F199F00337F04 /* AnimalModel.swift in Sources */ = {isa = PBXBuildFile; fileRef = 4D3CF90B2A4F199F00337F04 /* AnimalModel.swift */; };
		4D3CF90E2A4F2FD500337F04 /* AnimalDetailView.swift in Sources */ = {isa = PBXBuildFile; fileRef = 4D3CF90D2A4F2FD500337F04 /* AnimalDetailView.swift */; };
		4D3CF9102A4F348200337F04 /* HeadingView.swift in Sources */ = {isa = PBXBuildFile; fileRef = 4D3CF90F2A4F348200337F04 /* HeadingView.swift */; };
		4D3CF9122A4F36D300337F04 /* InsetGalleryView.swift in Sources */ = {isa = PBXBuildFile; fileRef = 4D3CF9112A4F36D300337F04 /* InsetGalleryView.swift */; };
		4D4282EC29DDB5690033C4BF /* AfricaAppApp.swift in Sources */ = {isa = PBXBuildFile; fileRef = 4D4282EB29DDB5690033C4BF /* AfricaAppApp.swift */; };
		4D4282EE29DDB5690033C4BF /* ContentView.swift in Sources */ = {isa = PBXBuildFile; fileRef = 4D4282ED29DDB5690033C4BF /* ContentView.swift */; };
		4D4282F029DDB56A0033C4BF /* Assets.xcassets in Resources */ = {isa = PBXBuildFile; fileRef = 4D4282EF29DDB56A0033C4BF /* Assets.xcassets */; };
		4D4282F329DDB56A0033C4BF /* Preview Assets.xcassets in Resources */ = {isa = PBXBuildFile; fileRef = 4D4282F229DDB56A0033C4BF /* Preview Assets.xcassets */; };
		4D42830F29DDC92C0033C4BF /* rhino.mp4 in Resources */ = {isa = PBXBuildFile; fileRef = 4D42830529DDC92B0033C4BF /* rhino.mp4 */; };
		4D42831029DDC92C0033C4BF /* giraffe.mp4 in Resources */ = {isa = PBXBuildFile; fileRef = 4D42830629DDC92B0033C4BF /* giraffe.mp4 */; };
		4D42831129DDC92C0033C4BF /* lion.mp4 in Resources */ = {isa = PBXBuildFile; fileRef = 4D42830729DDC92B0033C4BF /* lion.mp4 */; };
		4D42831229DDC92C0033C4BF /* cheetah.mp4 in Resources */ = {isa = PBXBuildFile; fileRef = 4D42830829DDC92B0033C4BF /* cheetah.mp4 */; };
		4D42831329DDC92C0033C4BF /* gorilla.mp4 in Resources */ = {isa = PBXBuildFile; fileRef = 4D42830929DDC92B0033C4BF /* gorilla.mp4 */; };
		4D42831429DDC92C0033C4BF /* zebra.mp4 in Resources */ = {isa = PBXBuildFile; fileRef = 4D42830A29DDC92B0033C4BF /* zebra.mp4 */; };
		4D42831529DDC92C0033C4BF /* ostrich.mp4 in Resources */ = {isa = PBXBuildFile; fileRef = 4D42830B29DDC92C0033C4BF /* ostrich.mp4 */; };
		4D42831629DDC92C0033C4BF /* hippo.mp4 in Resources */ = {isa = PBXBuildFile; fileRef = 4D42830C29DDC92C0033C4BF /* hippo.mp4 */; };
		4D42831729DDC92C0033C4BF /* elephant.mp4 in Resources */ = {isa = PBXBuildFile; fileRef = 4D42830D29DDC92C0033C4BF /* elephant.mp4 */; };
		4D42831829DDC92C0033C4BF /* lioness.mp4 in Resources */ = {isa = PBXBuildFile; fileRef = 4D42830E29DDC92C0033C4BF /* lioness.mp4 */; };
		4D42831E29DDD74D0033C4BF /* locations.json in Resources */ = {isa = PBXBuildFile; fileRef = 4D42831A29DDD74C0033C4BF /* locations.json */; };
		4D42831F29DDD74D0033C4BF /* covers.json in Resources */ = {isa = PBXBuildFile; fileRef = 4D42831B29DDD74C0033C4BF /* covers.json */; };
		4D42832029DDD74D0033C4BF /* videos.json in Resources */ = {isa = PBXBuildFile; fileRef = 4D42831C29DDD74D0033C4BF /* videos.json */; };
		4D42832129DDD74D0033C4BF /* animals.json in Resources */ = {isa = PBXBuildFile; fileRef = 4D42831D29DDD74D0033C4BF /* animals.json */; };
		4D42832529DDFC620033C4BF /* VideoListView.swift in Sources */ = {isa = PBXBuildFile; fileRef = 4D42832429DDFC620033C4BF /* VideoListView.swift */; };
		4D42832729DDFC7F0033C4BF /* MapView.swift in Sources */ = {isa = PBXBuildFile; fileRef = 4D42832629DDFC7F0033C4BF /* MapView.swift */; };
		4D42832929DDFC9D0033C4BF /* GalleryView.swift in Sources */ = {isa = PBXBuildFile; fileRef = 4D42832829DDFC9D0033C4BF /* GalleryView.swift */; };
		4D42832B29DDFCBC0033C4BF /* MainView.swift in Sources */ = {isa = PBXBuildFile; fileRef = 4D42832A29DDFCBC0033C4BF /* MainView.swift */; };
		4D98E8812A5D819200A65848 /* MapAnnotationView.swift in Sources */ = {isa = PBXBuildFile; fileRef = 4D98E8802A5D819200A65848 /* MapAnnotationView.swift */; };
		4D98E8832A5D88A600A65848 /* MotionAnimationView.swift in Sources */ = {isa = PBXBuildFile; fileRef = 4D98E8822A5D88A600A65848 /* MotionAnimationView.swift */; };
		4D98E8852A5DA62600A65848 /* AnimalGridItemView.swift in Sources */ = {isa = PBXBuildFile; fileRef = 4D98E8842A5DA62600A65848 /* AnimalGridItemView.swift */; };
		4D98E88B2A5DB51F00A65848 /* Stickers.xcassets in Resources */ = {isa = PBXBuildFile; fileRef = 4D98E88A2A5DB51F00A65848 /* Stickers.xcassets */; };
		4D98E88F2A5DB51F00A65848 /* Stickers.appex in Embed Foundation Extensions */ = {isa = PBXBuildFile; fileRef = 4D98E8882A5DB51D00A65848 /* Stickers.appex */; settings = {ATTRIBUTES = (RemoveHeadersOnCopy, ); }; };
		4D98E8952A5DB9CA00A65848 /* CreditsView.swift in Sources */ = {isa = PBXBuildFile; fileRef = 4D98E8942A5DB9CA00A65848 /* CreditsView.swift */; };
		4D98E8982A5DBE3C00A65848 /* CenterModifier.swift in Sources */ = {isa = PBXBuildFile; fileRef = 4D98E8972A5DBE3C00A65848 /* CenterModifier.swift */; };
		4DCCC3902A5C639300FEC853 /* LocationModel.swift in Sources */ = {isa = PBXBuildFile; fileRef = 4DCCC38F2A5C639300FEC853 /* LocationModel.swift */; };
/* End PBXBuildFile section */

/* Begin PBXContainerItemProxy section */
		4D98E88D2A5DB51F00A65848 /* PBXContainerItemProxy */ = {
			isa = PBXContainerItemProxy;
			containerPortal = 4D4282E029DDB5690033C4BF /* Project object */;
			proxyType = 1;
			remoteGlobalIDString = 4D98E8872A5DB51D00A65848;
			remoteInfo = Stickers;
		};
/* End PBXContainerItemProxy section */

/* Begin PBXCopyFilesBuildPhase section */
		4D98E8932A5DB51F00A65848 /* Embed Foundation Extensions */ = {
			isa = PBXCopyFilesBuildPhase;
			buildActionMask = 2147483647;
			dstPath = "";
			dstSubfolderSpec = 13;
			files = (
				4D98E88F2A5DB51F00A65848 /* Stickers.appex in Embed Foundation Extensions */,
			);
			name = "Embed Foundation Extensions";
			runOnlyForDeploymentPostprocessing = 0;
		};
/* End PBXCopyFilesBuildPhase section */

/* Begin PBXFileReference section */
		4D3895662A56F96C002EBC3B /* InsetFactView.swift */ = {isa = PBXFileReference; lastKnownFileType = sourcecode.swift; path = InsetFactView.swift; sourceTree = "<group>"; };
		4D3895682A56FF6B002EBC3B /* InsetMapView.swift */ = {isa = PBXFileReference; lastKnownFileType = sourcecode.swift; path = InsetMapView.swift; sourceTree = "<group>"; };
		4D38956A2A5704B8002EBC3B /* ExternalWeblinkView.swift */ = {isa = PBXFileReference; lastKnownFileType = sourcecode.swift; path = ExternalWeblinkView.swift; sourceTree = "<group>"; };
		4D38956C2A570D5F002EBC3B /* VideoModel.swift */ = {isa = PBXFileReference; lastKnownFileType = sourcecode.swift; path = VideoModel.swift; sourceTree = "<group>"; };
		4D38956E2A570DC4002EBC3B /* VideoListItemView.swift */ = {isa = PBXFileReference; lastKnownFileType = sourcecode.swift; path = VideoListItemView.swift; sourceTree = "<group>"; };
		4D3895702A572325002EBC3B /* VideoPlayerView.swift */ = {isa = PBXFileReference; lastKnownFileType = sourcecode.swift; path = VideoPlayerView.swift; sourceTree = "<group>"; };
		4D3895732A5724A3002EBC3B /* VideoPlayerHelper.swift */ = {isa = PBXFileReference; lastKnownFileType = sourcecode.swift; path = VideoPlayerHelper.swift; sourceTree = "<group>"; };
		4D3CF9012A4F0CA000337F04 /* CoverImageView.swift */ = {isa = PBXFileReference; lastKnownFileType = sourcecode.swift; path = CoverImageView.swift; sourceTree = "<group>"; };
		4D3CF9042A4F106700337F04 /* CoverImageModel.swift */ = {isa = PBXFileReference; lastKnownFileType = sourcecode.swift; path = CoverImageModel.swift; sourceTree = "<group>"; };
		4D3CF9072A4F11C100337F04 /* CodbleBundle+Extension.swift */ = {isa = PBXFileReference; lastKnownFileType = sourcecode.swift; path = "CodbleBundle+Extension.swift"; sourceTree = "<group>"; };
		4D3CF9092A4F17D800337F04 /* AnimalListItemView.swift */ = {isa = PBXFileReference; lastKnownFileType = sourcecode.swift; path = AnimalListItemView.swift; sourceTree = "<group>"; };
		4D3CF90B2A4F199F00337F04 /* AnimalModel.swift */ = {isa = PBXFileReference; lastKnownFileType = sourcecode.swift; path = AnimalModel.swift; sourceTree = "<group>"; };
		4D3CF90D2A4F2FD500337F04 /* AnimalDetailView.swift */ = {isa = PBXFileReference; lastKnownFileType = sourcecode.swift; path = AnimalDetailView.swift; sourceTree = "<group>"; };
		4D3CF90F2A4F348200337F04 /* HeadingView.swift */ = {isa = PBXFileReference; lastKnownFileType = sourcecode.swift; path = HeadingView.swift; sourceTree = "<group>"; };
		4D3CF9112A4F36D300337F04 /* InsetGalleryView.swift */ = {isa = PBXFileReference; lastKnownFileType = sourcecode.swift; path = InsetGalleryView.swift; sourceTree = "<group>"; };
		4D4282E829DDB5690033C4BF /* AfricaApp.app */ = {isa = PBXFileReference; explicitFileType = wrapper.application; includeInIndex = 0; path = AfricaApp.app; sourceTree = BUILT_PRODUCTS_DIR; };
		4D4282EB29DDB5690033C4BF /* AfricaAppApp.swift */ = {isa = PBXFileReference; lastKnownFileType = sourcecode.swift; path = AfricaAppApp.swift; sourceTree = "<group>"; };
		4D4282ED29DDB5690033C4BF /* ContentView.swift */ = {isa = PBXFileReference; lastKnownFileType = sourcecode.swift; path = ContentView.swift; sourceTree = "<group>"; };
		4D4282EF29DDB56A0033C4BF /* Assets.xcassets */ = {isa = PBXFileReference; lastKnownFileType = folder.assetcatalog; path = Assets.xcassets; sourceTree = "<group>"; };
		4D4282F229DDB56A0033C4BF /* Preview Assets.xcassets */ = {isa = PBXFileReference; lastKnownFileType = folder.assetcatalog; path = "Preview Assets.xcassets"; sourceTree = "<group>"; };
		4D4282F429DDB56A0033C4BF /* AfricaApp.entitlements */ = {isa = PBXFileReference; lastKnownFileType = text.plist.entitlements; path = AfricaApp.entitlements; sourceTree = "<group>"; };
		4D42830529DDC92B0033C4BF /* rhino.mp4 */ = {isa = PBXFileReference; lastKnownFileType = file; path = rhino.mp4; sourceTree = "<group>"; };
		4D42830629DDC92B0033C4BF /* giraffe.mp4 */ = {isa = PBXFileReference; lastKnownFileType = file; path = giraffe.mp4; sourceTree = "<group>"; };
		4D42830729DDC92B0033C4BF /* lion.mp4 */ = {isa = PBXFileReference; lastKnownFileType = file; path = lion.mp4; sourceTree = "<group>"; };
		4D42830829DDC92B0033C4BF /* cheetah.mp4 */ = {isa = PBXFileReference; lastKnownFileType = file; path = cheetah.mp4; sourceTree = "<group>"; };
		4D42830929DDC92B0033C4BF /* gorilla.mp4 */ = {isa = PBXFileReference; lastKnownFileType = file; path = gorilla.mp4; sourceTree = "<group>"; };
		4D42830A29DDC92B0033C4BF /* zebra.mp4 */ = {isa = PBXFileReference; lastKnownFileType = file; path = zebra.mp4; sourceTree = "<group>"; };
		4D42830B29DDC92C0033C4BF /* ostrich.mp4 */ = {isa = PBXFileReference; lastKnownFileType = file; path = ostrich.mp4; sourceTree = "<group>"; };
		4D42830C29DDC92C0033C4BF /* hippo.mp4 */ = {isa = PBXFileReference; lastKnownFileType = file; path = hippo.mp4; sourceTree = "<group>"; };
		4D42830D29DDC92C0033C4BF /* elephant.mp4 */ = {isa = PBXFileReference; lastKnownFileType = file; path = elephant.mp4; sourceTree = "<group>"; };
		4D42830E29DDC92C0033C4BF /* lioness.mp4 */ = {isa = PBXFileReference; lastKnownFileType = file; path = lioness.mp4; sourceTree = "<group>"; };
		4D42831A29DDD74C0033C4BF /* locations.json */ = {isa = PBXFileReference; fileEncoding = 4; lastKnownFileType = text.json; path = locations.json; sourceTree = "<group>"; };
		4D42831B29DDD74C0033C4BF /* covers.json */ = {isa = PBXFileReference; fileEncoding = 4; lastKnownFileType = text.json; path = covers.json; sourceTree = "<group>"; };
		4D42831C29DDD74D0033C4BF /* videos.json */ = {isa = PBXFileReference; fileEncoding = 4; lastKnownFileType = text.json; path = videos.json; sourceTree = "<group>"; };
		4D42831D29DDD74D0033C4BF /* animals.json */ = {isa = PBXFileReference; fileEncoding = 4; lastKnownFileType = text.json; path = animals.json; sourceTree = "<group>"; };
		4D42832229DDD83F0033C4BF /* Info.plist */ = {isa = PBXFileReference; lastKnownFileType = text.plist; path = Info.plist; sourceTree = "<group>"; };
		4D42832429DDFC620033C4BF /* VideoListView.swift */ = {isa = PBXFileReference; lastKnownFileType = sourcecode.swift; path = VideoListView.swift; sourceTree = "<group>"; };
		4D42832629DDFC7F0033C4BF /* MapView.swift */ = {isa = PBXFileReference; lastKnownFileType = sourcecode.swift; path = MapView.swift; sourceTree = "<group>"; };
		4D42832829DDFC9D0033C4BF /* GalleryView.swift */ = {isa = PBXFileReference; lastKnownFileType = sourcecode.swift; path = GalleryView.swift; sourceTree = "<group>"; };
		4D42832A29DDFCBC0033C4BF /* MainView.swift */ = {isa = PBXFileReference; lastKnownFileType = sourcecode.swift; path = MainView.swift; sourceTree = "<group>"; };
		4D98E8802A5D819200A65848 /* MapAnnotationView.swift */ = {isa = PBXFileReference; lastKnownFileType = sourcecode.swift; path = MapAnnotationView.swift; sourceTree = "<group>"; };
		4D98E8822A5D88A600A65848 /* MotionAnimationView.swift */ = {isa = PBXFileReference; lastKnownFileType = sourcecode.swift; path = MotionAnimationView.swift; sourceTree = "<group>"; };
		4D98E8842A5DA62600A65848 /* AnimalGridItemView.swift */ = {isa = PBXFileReference; lastKnownFileType = sourcecode.swift; path = AnimalGridItemView.swift; sourceTree = "<group>"; };
		4D98E8882A5DB51D00A65848 /* Stickers.appex */ = {isa = PBXFileReference; explicitFileType = "wrapper.app-extension"; includeInIndex = 0; path = Stickers.appex; sourceTree = BUILT_PRODUCTS_DIR; };
		4D98E88A2A5DB51F00A65848 /* Stickers.xcassets */ = {isa = PBXFileReference; lastKnownFileType = folder.assetcatalog; path = Stickers.xcassets; sourceTree = "<group>"; };
		4D98E88C2A5DB51F00A65848 /* Info.plist */ = {isa = PBXFileReference; lastKnownFileType = text.plist.xml; path = Info.plist; sourceTree = "<group>"; };
		4D98E8942A5DB9CA00A65848 /* CreditsView.swift */ = {isa = PBXFileReference; lastKnownFileType = sourcecode.swift; path = CreditsView.swift; sourceTree = "<group>"; };
		4D98E8972A5DBE3C00A65848 /* CenterModifier.swift */ = {isa = PBXFileReference; lastKnownFileType = sourcecode.swift; path = CenterModifier.swift; sourceTree = "<group>"; };
		4DCCC38F2A5C639300FEC853 /* LocationModel.swift */ = {isa = PBXFileReference; lastKnownFileType = sourcecode.swift; path = LocationModel.swift; sourceTree = "<group>"; };
/* End PBXFileReference section */

/* Begin PBXFrameworksBuildPhase section */
		4D4282E529DDB5690033C4BF /* Frameworks */ = {
			isa = PBXFrameworksBuildPhase;
			buildActionMask = 2147483647;
			files = (
			);
			runOnlyForDeploymentPostprocessing = 0;
		};
/* End PBXFrameworksBuildPhase section */

/* Begin PBXGroup section */
		4D3895722A57248B002EBC3B /* Helpers */ = {
			isa = PBXGroup;
			children = (
				4D3895732A5724A3002EBC3B /* VideoPlayerHelper.swift */,
			);
			path = Helpers;
			sourceTree = "<group>";
		};
		4D3CF9002A4F0C8F00337F04 /* View */ = {
			isa = PBXGroup;
			children = (
				4D3CF9012A4F0CA000337F04 /* CoverImageView.swift */,
				4D3CF9092A4F17D800337F04 /* AnimalListItemView.swift */,
				4D3CF90D2A4F2FD500337F04 /* AnimalDetailView.swift */,
				4D3CF90F2A4F348200337F04 /* HeadingView.swift */,
				4D3CF9112A4F36D300337F04 /* InsetGalleryView.swift */,
				4D3895662A56F96C002EBC3B /* InsetFactView.swift */,
				4D3895682A56FF6B002EBC3B /* InsetMapView.swift */,
				4D38956A2A5704B8002EBC3B /* ExternalWeblinkView.swift */,
				4D38956E2A570DC4002EBC3B /* VideoListItemView.swift */,
				4D3895702A572325002EBC3B /* VideoPlayerView.swift */,
				4D98E8802A5D819200A65848 /* MapAnnotationView.swift */,
				4D98E8822A5D88A600A65848 /* MotionAnimationView.swift */,
				4D98E8842A5DA62600A65848 /* AnimalGridItemView.swift */,
				4D98E8942A5DB9CA00A65848 /* CreditsView.swift */,
			);
			path = View;
			sourceTree = "<group>";
		};
		4D3CF9032A4F103100337F04 /* Model */ = {
			isa = PBXGroup;
			children = (
				4D3CF9042A4F106700337F04 /* CoverImageModel.swift */,
				4D3CF90B2A4F199F00337F04 /* AnimalModel.swift */,
				4D38956C2A570D5F002EBC3B /* VideoModel.swift */,
				4DCCC38F2A5C639300FEC853 /* LocationModel.swift */,
			);
			path = Model;
			sourceTree = "<group>";
		};
		4D3CF9062A4F11AD00337F04 /* Extension */ = {
			isa = PBXGroup;
			children = (
				4D3CF9072A4F11C100337F04 /* CodbleBundle+Extension.swift */,
			);
			path = Extension;
			sourceTree = "<group>";
		};
		4D4282DF29DDB5690033C4BF = {
			isa = PBXGroup;
			children = (
				4D4282EA29DDB5690033C4BF /* AfricaApp */,
				4D98E8892A5DB51D00A65848 /* Stickers */,
				4D4282E929DDB5690033C4BF /* Products */,
			);
			sourceTree = "<group>";
		};
		4D4282E929DDB5690033C4BF /* Products */ = {
			isa = PBXGroup;
			children = (
				4D4282E829DDB5690033C4BF /* AfricaApp.app */,
				4D98E8882A5DB51D00A65848 /* Stickers.appex */,
			);
			name = Products;
			sourceTree = "<group>";
		};
		4D4282EA29DDB5690033C4BF /* AfricaApp */ = {
			isa = PBXGroup;
			children = (
				4D98E8962A5DBE2A00A65848 /* Modifiers */,
				4D3895722A57248B002EBC3B /* Helpers */,
				4D3CF9062A4F11AD00337F04 /* Extension */,
				4D3CF9032A4F103100337F04 /* Model */,
				4D3CF9002A4F0C8F00337F04 /* View */,
				4D42832229DDD83F0033C4BF /* Info.plist */,
				4D42831929DDD73E0033C4BF /* Data */,
				4D4282FA29DDC8EA0033C4BF /* Videos */,
				4D42832329DDFC000033C4BF /* App */,
				4D4282EF29DDB56A0033C4BF /* Assets.xcassets */,
				4D4282F429DDB56A0033C4BF /* AfricaApp.entitlements */,
				4D4282F129DDB56A0033C4BF /* Preview Content */,
			);
			path = AfricaApp;
			sourceTree = "<group>";
		};
		4D4282F129DDB56A0033C4BF /* Preview Content */ = {
			isa = PBXGroup;
			children = (
				4D4282F229DDB56A0033C4BF /* Preview Assets.xcassets */,
			);
			path = "Preview Content";
			sourceTree = "<group>";
		};
		4D4282FA29DDC8EA0033C4BF /* Videos */ = {
			isa = PBXGroup;
			children = (
				4D42830829DDC92B0033C4BF /* cheetah.mp4 */,
				4D42830D29DDC92C0033C4BF /* elephant.mp4 */,
				4D42830629DDC92B0033C4BF /* giraffe.mp4 */,
				4D42830929DDC92B0033C4BF /* gorilla.mp4 */,
				4D42830C29DDC92C0033C4BF /* hippo.mp4 */,
				4D42830729DDC92B0033C4BF /* lion.mp4 */,
				4D42830E29DDC92C0033C4BF /* lioness.mp4 */,
				4D42830B29DDC92C0033C4BF /* ostrich.mp4 */,
				4D42830529DDC92B0033C4BF /* rhino.mp4 */,
				4D42830A29DDC92B0033C4BF /* zebra.mp4 */,
			);
			path = Videos;
			sourceTree = "<group>";
		};
		4D42831929DDD73E0033C4BF /* Data */ = {
			isa = PBXGroup;
			children = (
				4D42831D29DDD74D0033C4BF /* animals.json */,
				4D42831B29DDD74C0033C4BF /* covers.json */,
				4D42831A29DDD74C0033C4BF /* locations.json */,
				4D42831C29DDD74D0033C4BF /* videos.json */,
			);
			path = Data;
			sourceTree = "<group>";
		};
		4D42832329DDFC000033C4BF /* App */ = {
			isa = PBXGroup;
			children = (
				4D4282EB29DDB5690033C4BF /* AfricaAppApp.swift */,
				4D4282ED29DDB5690033C4BF /* ContentView.swift */,
				4D42832429DDFC620033C4BF /* VideoListView.swift */,
				4D42832629DDFC7F0033C4BF /* MapView.swift */,
				4D42832829DDFC9D0033C4BF /* GalleryView.swift */,
				4D42832A29DDFCBC0033C4BF /* MainView.swift */,
			);
			path = App;
			sourceTree = "<group>";
		};
		4D98E8892A5DB51D00A65848 /* Stickers */ = {
			isa = PBXGroup;
			children = (
				4D98E88A2A5DB51F00A65848 /* Stickers.xcassets */,
				4D98E88C2A5DB51F00A65848 /* Info.plist */,
			);
			path = Stickers;
			sourceTree = "<group>";
		};
		4D98E8962A5DBE2A00A65848 /* Modifiers */ = {
			isa = PBXGroup;
			children = (
				4D98E8972A5DBE3C00A65848 /* CenterModifier.swift */,
			);
			path = Modifiers;
			sourceTree = "<group>";
		};
/* End PBXGroup section */

/* Begin PBXNativeTarget section */
		4D4282E729DDB5690033C4BF /* AfricaApp */ = {
			isa = PBXNativeTarget;
			buildConfigurationList = 4D4282F729DDB56A0033C4BF /* Build configuration list for PBXNativeTarget "AfricaApp" */;
			buildPhases = (
				4D4282E429DDB5690033C4BF /* Sources */,
				4D4282E529DDB5690033C4BF /* Frameworks */,
				4D4282E629DDB5690033C4BF /* Resources */,
				4D98E8932A5DB51F00A65848 /* Embed Foundation Extensions */,
			);
			buildRules = (
			);
			dependencies = (
				4D98E88E2A5DB51F00A65848 /* PBXTargetDependency */,
			);
			name = AfricaApp;
			productName = AfricaApp;
			productReference = 4D4282E829DDB5690033C4BF /* AfricaApp.app */;
			productType = "com.apple.product-type.application";
		};
		4D98E8872A5DB51D00A65848 /* Stickers */ = {
			isa = PBXNativeTarget;
			buildConfigurationList = 4D98E8902A5DB51F00A65848 /* Build configuration list for PBXNativeTarget "Stickers" */;
			buildPhases = (
				4D98E8862A5DB51D00A65848 /* Resources */,
			);
			buildRules = (
			);
			dependencies = (
			);
			name = Stickers;
			productName = Stickers;
			productReference = 4D98E8882A5DB51D00A65848 /* Stickers.appex */;
			productType = "com.apple.product-type.app-extension.messages-sticker-pack";
		};
/* End PBXNativeTarget section */

/* Begin PBXProject section */
		4D4282E029DDB5690033C4BF /* Project object */ = {
			isa = PBXProject;
			attributes = {
				BuildIndependentTargetsInParallel = 1;
				LastSwiftUpdateCheck = 1430;
				LastUpgradeCheck = 1430;
				TargetAttributes = {
					4D4282E729DDB5690033C4BF = {
						CreatedOnToolsVersion = 14.3;
					};
					4D98E8872A5DB51D00A65848 = {
						CreatedOnToolsVersion = 14.3.1;
					};
				};
			};
			buildConfigurationList = 4D4282E329DDB5690033C4BF /* Build configuration list for PBXProject "AfricaApp" */;
			compatibilityVersion = "Xcode 14.0";
			developmentRegion = en;
			hasScannedForEncodings = 0;
			knownRegions = (
				en,
				Base,
			);
			mainGroup = 4D4282DF29DDB5690033C4BF;
			productRefGroup = 4D4282E929DDB5690033C4BF /* Products */;
			projectDirPath = "";
			projectRoot = "";
			targets = (
				4D4282E729DDB5690033C4BF /* AfricaApp */,
				4D98E8872A5DB51D00A65848 /* Stickers */,
			);
		};
/* End PBXProject section */

/* Begin PBXResourcesBuildPhase section */
		4D4282E629DDB5690033C4BF /* Resources */ = {
			isa = PBXResourcesBuildPhase;
			buildActionMask = 2147483647;
			files = (
				4D42831E29DDD74D0033C4BF /* locations.json in Resources */,
				4D42831629DDC92C0033C4BF /* hippo.mp4 in Resources */,
				4D42832029DDD74D0033C4BF /* videos.json in Resources */,
				4D42830F29DDC92C0033C4BF /* rhino.mp4 in Resources */,
				4D4282F329DDB56A0033C4BF /* Preview Assets.xcassets in Resources */,
				4D42831229DDC92C0033C4BF /* cheetah.mp4 in Resources */,
				4D42831529DDC92C0033C4BF /* ostrich.mp4 in Resources */,
				4D42831329DDC92C0033C4BF /* gorilla.mp4 in Resources */,
				4D42831F29DDD74D0033C4BF /* covers.json in Resources */,
				4D42832129DDD74D0033C4BF /* animals.json in Resources */,
				4D42831429DDC92C0033C4BF /* zebra.mp4 in Resources */,
				4D42831029DDC92C0033C4BF /* giraffe.mp4 in Resources */,
				4D42831129DDC92C0033C4BF /* lion.mp4 in Resources */,
				4D4282F029DDB56A0033C4BF /* Assets.xcassets in Resources */,
				4D42831729DDC92C0033C4BF /* elephant.mp4 in Resources */,
				4D42831829DDC92C0033C4BF /* lioness.mp4 in Resources */,
			);
			runOnlyForDeploymentPostprocessing = 0;
		};
		4D98E8862A5DB51D00A65848 /* Resources */ = {
			isa = PBXResourcesBuildPhase;
			buildActionMask = 2147483647;
			files = (
				4D98E88B2A5DB51F00A65848 /* Stickers.xcassets in Resources */,
			);
			runOnlyForDeploymentPostprocessing = 0;
		};
/* End PBXResourcesBuildPhase section */

/* Begin PBXSourcesBuildPhase section */
		4D4282E429DDB5690033C4BF /* Sources */ = {
			isa = PBXSourcesBuildPhase;
			buildActionMask = 2147483647;
			files = (
				4D38956B2A5704B8002EBC3B /* ExternalWeblinkView.swift in Sources */,
				4D4282EE29DDB5690033C4BF /* ContentView.swift in Sources */,
				4D3CF90A2A4F17D800337F04 /* AnimalListItemView.swift in Sources */,
				4D42832B29DDFCBC0033C4BF /* MainView.swift in Sources */,
				4D3895672A56F96C002EBC3B /* InsetFactView.swift in Sources */,
				4D3CF9022A4F0CA000337F04 /* CoverImageView.swift in Sources */,
				4D3CF9052A4F106700337F04 /* CoverImageModel.swift in Sources */,
				4D3CF90E2A4F2FD500337F04 /* AnimalDetailView.swift in Sources */,
				4D3CF90C2A4F199F00337F04 /* AnimalModel.swift in Sources */,
				4D42832729DDFC7F0033C4BF /* MapView.swift in Sources */,
				4D3895742A5724A3002EBC3B /* VideoPlayerHelper.swift in Sources */,
				4D3895692A56FF6B002EBC3B /* InsetMapView.swift in Sources */,
				4D4282EC29DDB5690033C4BF /* AfricaAppApp.swift in Sources */,
				4D98E8812A5D819200A65848 /* MapAnnotationView.swift in Sources */,
				4D42832529DDFC620033C4BF /* VideoListView.swift in Sources */,
				4D38956D2A570D5F002EBC3B /* VideoModel.swift in Sources */,
				4D42832929DDFC9D0033C4BF /* GalleryView.swift in Sources */,
				4DCCC3902A5C639300FEC853 /* LocationModel.swift in Sources */,
				4D98E8852A5DA62600A65848 /* AnimalGridItemView.swift in Sources */,
				4D3CF9122A4F36D300337F04 /* InsetGalleryView.swift in Sources */,
				4D38956F2A570DC4002EBC3B /* VideoListItemView.swift in Sources */,
				4D98E8952A5DB9CA00A65848 /* CreditsView.swift in Sources */,
				4D3CF9082A4F11C100337F04 /* CodbleBundle+Extension.swift in Sources */,
				4D98E8832A5D88A600A65848 /* MotionAnimationView.swift in Sources */,
				4D98E8982A5DBE3C00A65848 /* CenterModifier.swift in Sources */,
				4D3CF9102A4F348200337F04 /* HeadingView.swift in Sources */,
				4D3895712A572325002EBC3B /* VideoPlayerView.swift in Sources */,
			);
			runOnlyForDeploymentPostprocessing = 0;
		};
/* End PBXSourcesBuildPhase section */

/* Begin PBXTargetDependency section */
		4D98E88E2A5DB51F00A65848 /* PBXTargetDependency */ = {
			isa = PBXTargetDependency;
			target = 4D98E8872A5DB51D00A65848 /* Stickers */;
			targetProxy = 4D98E88D2A5DB51F00A65848 /* PBXContainerItemProxy */;
		};
/* End PBXTargetDependency section */

/* Begin XCBuildConfiguration section */
		4D4282F529DDB56A0033C4BF /* Debug */ = {
			isa = XCBuildConfiguration;
			buildSettings = {
				ALWAYS_SEARCH_USER_PATHS = NO;
				CLANG_ANALYZER_NONNULL = YES;
				CLANG_ANALYZER_NUMBER_OBJECT_CONVERSION = YES_AGGRESSIVE;
				CLANG_CXX_LANGUAGE_STANDARD = "gnu++20";
				CLANG_ENABLE_MODULES = YES;
				CLANG_ENABLE_OBJC_ARC = YES;
				CLANG_ENABLE_OBJC_WEAK = YES;
				CLANG_WARN_BLOCK_CAPTURE_AUTORELEASING = YES;
				CLANG_WARN_BOOL_CONVERSION = YES;
				CLANG_WARN_COMMA = YES;
				CLANG_WARN_CONSTANT_CONVERSION = YES;
				CLANG_WARN_DEPRECATED_OBJC_IMPLEMENTATIONS = YES;
				CLANG_WARN_DIRECT_OBJC_ISA_USAGE = YES_ERROR;
				CLANG_WARN_DOCUMENTATION_COMMENTS = YES;
				CLANG_WARN_EMPTY_BODY = YES;
				CLANG_WARN_ENUM_CONVERSION = YES;
				CLANG_WARN_INFINITE_RECURSION = YES;
				CLANG_WARN_INT_CONVERSION = YES;
				CLANG_WARN_NON_LITERAL_NULL_CONVERSION = YES;
				CLANG_WARN_OBJC_IMPLICIT_RETAIN_SELF = YES;
				CLANG_WARN_OBJC_LITERAL_CONVERSION = YES;
				CLANG_WARN_OBJC_ROOT_CLASS = YES_ERROR;
				CLANG_WARN_QUOTED_INCLUDE_IN_FRAMEWORK_HEADER = YES;
				CLANG_WARN_RANGE_LOOP_ANALYSIS = YES;
				CLANG_WARN_STRICT_PROTOTYPES = YES;
				CLANG_WARN_SUSPICIOUS_MOVE = YES;
				CLANG_WARN_UNGUARDED_AVAILABILITY = YES_AGGRESSIVE;
				CLANG_WARN_UNREACHABLE_CODE = YES;
				CLANG_WARN__DUPLICATE_METHOD_MATCH = YES;
				COPY_PHASE_STRIP = NO;
				DEBUG_INFORMATION_FORMAT = dwarf;
				ENABLE_STRICT_OBJC_MSGSEND = YES;
				ENABLE_TESTABILITY = YES;
				GCC_C_LANGUAGE_STANDARD = gnu11;
				GCC_DYNAMIC_NO_PIC = NO;
				GCC_NO_COMMON_BLOCKS = YES;
				GCC_OPTIMIZATION_LEVEL = 0;
				GCC_PREPROCESSOR_DEFINITIONS = (
					"DEBUG=1",
					"$(inherited)",
				);
				GCC_WARN_64_TO_32_BIT_CONVERSION = YES;
				GCC_WARN_ABOUT_RETURN_TYPE = YES_ERROR;
				GCC_WARN_UNDECLARED_SELECTOR = YES;
				GCC_WARN_UNINITIALIZED_AUTOS = YES_AGGRESSIVE;
				GCC_WARN_UNUSED_FUNCTION = YES;
				GCC_WARN_UNUSED_VARIABLE = YES;
				IPHONEOS_DEPLOYMENT_TARGET = 16.3;
				MACOSX_DEPLOYMENT_TARGET = 13.3;
				MTL_ENABLE_DEBUG_INFO = INCLUDE_SOURCE;
				MTL_FAST_MATH = YES;
				ONLY_ACTIVE_ARCH = YES;
				SDKROOT = macosx;
				SWIFT_ACTIVE_COMPILATION_CONDITIONS = DEBUG;
				SWIFT_OPTIMIZATION_LEVEL = "-Onone";
			};
			name = Debug;
		};
		4D4282F629DDB56A0033C4BF /* Release */ = {
			isa = XCBuildConfiguration;
			buildSettings = {
				ALWAYS_SEARCH_USER_PATHS = NO;
				CLANG_ANALYZER_NONNULL = YES;
				CLANG_ANALYZER_NUMBER_OBJECT_CONVERSION = YES_AGGRESSIVE;
				CLANG_CXX_LANGUAGE_STANDARD = "gnu++20";
				CLANG_ENABLE_MODULES = YES;
				CLANG_ENABLE_OBJC_ARC = YES;
				CLANG_ENABLE_OBJC_WEAK = YES;
				CLANG_WARN_BLOCK_CAPTURE_AUTORELEASING = YES;
				CLANG_WARN_BOOL_CONVERSION = YES;
				CLANG_WARN_COMMA = YES;
				CLANG_WARN_CONSTANT_CONVERSION = YES;
				CLANG_WARN_DEPRECATED_OBJC_IMPLEMENTATIONS = YES;
				CLANG_WARN_DIRECT_OBJC_ISA_USAGE = YES_ERROR;
				CLANG_WARN_DOCUMENTATION_COMMENTS = YES;
				CLANG_WARN_EMPTY_BODY = YES;
				CLANG_WARN_ENUM_CONVERSION = YES;
				CLANG_WARN_INFINITE_RECURSION = YES;
				CLANG_WARN_INT_CONVERSION = YES;
				CLANG_WARN_NON_LITERAL_NULL_CONVERSION = YES;
				CLANG_WARN_OBJC_IMPLICIT_RETAIN_SELF = YES;
				CLANG_WARN_OBJC_LITERAL_CONVERSION = YES;
				CLANG_WARN_OBJC_ROOT_CLASS = YES_ERROR;
				CLANG_WARN_QUOTED_INCLUDE_IN_FRAMEWORK_HEADER = YES;
				CLANG_WARN_RANGE_LOOP_ANALYSIS = YES;
				CLANG_WARN_STRICT_PROTOTYPES = YES;
				CLANG_WARN_SUSPICIOUS_MOVE = YES;
				CLANG_WARN_UNGUARDED_AVAILABILITY = YES_AGGRESSIVE;
				CLANG_WARN_UNREACHABLE_CODE = YES;
				CLANG_WARN__DUPLICATE_METHOD_MATCH = YES;
				COPY_PHASE_STRIP = NO;
				DEBUG_INFORMATION_FORMAT = "dwarf-with-dsym";
				ENABLE_NS_ASSERTIONS = NO;
				ENABLE_STRICT_OBJC_MSGSEND = YES;
				GCC_C_LANGUAGE_STANDARD = gnu11;
				GCC_NO_COMMON_BLOCKS = YES;
				GCC_WARN_64_TO_32_BIT_CONVERSION = YES;
				GCC_WARN_ABOUT_RETURN_TYPE = YES_ERROR;
				GCC_WARN_UNDECLARED_SELECTOR = YES;
				GCC_WARN_UNINITIALIZED_AUTOS = YES_AGGRESSIVE;
				GCC_WARN_UNUSED_FUNCTION = YES;
				GCC_WARN_UNUSED_VARIABLE = YES;
				IPHONEOS_DEPLOYMENT_TARGET = 16.3;
				MACOSX_DEPLOYMENT_TARGET = 13.3;
				MTL_ENABLE_DEBUG_INFO = NO;
				MTL_FAST_MATH = YES;
				SDKROOT = macosx;
				SWIFT_COMPILATION_MODE = wholemodule;
				SWIFT_OPTIMIZATION_LEVEL = "-O";
			};
			name = Release;
		};
		4D4282F829DDB56A0033C4BF /* Debug */ = {
			isa = XCBuildConfiguration;
			buildSettings = {
				ASSETCATALOG_COMPILER_APPICON_NAME = AppIcon;
				ASSETCATALOG_COMPILER_GLOBAL_ACCENT_COLOR_NAME = AccentColor;
				CODE_SIGN_ENTITLEMENTS = AfricaApp/AfricaApp.entitlements;
				CODE_SIGN_STYLE = Automatic;
				COMBINE_HIDPI_IMAGES = YES;
				CURRENT_PROJECT_VERSION = 1;
				DEVELOPMENT_ASSET_PATHS = "\"AfricaApp/Preview Content\"";
				DEVELOPMENT_TEAM = 56F54J4H3N;
				ENABLE_HARDENED_RUNTIME = YES;
				ENABLE_PREVIEWS = YES;
				GENERATE_INFOPLIST_FILE = YES;
				INFOPLIST_FILE = AfricaApp/Info.plist;
				INFOPLIST_KEY_NSHumanReadableCopyright = "";
				INFOPLIST_KEY_UISupportedInterfaceOrientations = "UIInterfaceOrientationLandscapeLeft UIInterfaceOrientationLandscapeRight UIInterfaceOrientationPortrait";
				INFOPLIST_KEY_UISupportedInterfaceOrientations_iPad = UIInterfaceOrientationPortrait;
				INFOPLIST_KEY_UIUserInterfaceStyle = Dark;
				LD_RUNPATH_SEARCH_PATHS = (
					"$(inherited)",
					"@executable_path/../Frameworks",
				);
				MARKETING_VERSION = 1.0;
				PRODUCT_BUNDLE_IDENTIFIER = mobilesoftwareservices.AfricaApp;
				PRODUCT_NAME = "$(TARGET_NAME)";
				SUPPORTED_PLATFORMS = "iphoneos iphonesimulator macosx";
				SUPPORTS_MACCATALYST = NO;
				SUPPORTS_MAC_DESIGNED_FOR_IPHONE_IPAD = NO;
				SWIFT_EMIT_LOC_STRINGS = YES;
				SWIFT_VERSION = 5.0;
				TARGETED_DEVICE_FAMILY = 1;
			};
			name = Debug;
		};
		4D4282F929DDB56A0033C4BF /* Release */ = {
			isa = XCBuildConfiguration;
			buildSettings = {
				ASSETCATALOG_COMPILER_APPICON_NAME = AppIcon;
				ASSETCATALOG_COMPILER_GLOBAL_ACCENT_COLOR_NAME = AccentColor;
				CODE_SIGN_ENTITLEMENTS = AfricaApp/AfricaApp.entitlements;
				CODE_SIGN_STYLE = Automatic;
				COMBINE_HIDPI_IMAGES = YES;
				CURRENT_PROJECT_VERSION = 1;
				DEVELOPMENT_ASSET_PATHS = "\"AfricaApp/Preview Content\"";
				DEVELOPMENT_TEAM = 56F54J4H3N;
				ENABLE_HARDENED_RUNTIME = YES;
				ENABLE_PREVIEWS = YES;
				GENERATE_INFOPLIST_FILE = YES;
				INFOPLIST_FILE = AfricaApp/Info.plist;
				INFOPLIST_KEY_NSHumanReadableCopyright = "";
				INFOPLIST_KEY_UISupportedInterfaceOrientations = "UIInterfaceOrientationLandscapeLeft UIInterfaceOrientationLandscapeRight UIInterfaceOrientationPortrait";
				INFOPLIST_KEY_UISupportedInterfaceOrientations_iPad = UIInterfaceOrientationPortrait;
				INFOPLIST_KEY_UIUserInterfaceStyle = Dark;
				LD_RUNPATH_SEARCH_PATHS = (
					"$(inherited)",
					"@executable_path/../Frameworks",
				);
				MARKETING_VERSION = 1.0;
				PRODUCT_BUNDLE_IDENTIFIER = mobilesoftwareservices.AfricaApp;
				PRODUCT_NAME = "$(TARGET_NAME)";
				SUPPORTED_PLATFORMS = "iphoneos iphonesimulator macosx";
				SUPPORTS_MACCATALYST = NO;
				SUPPORTS_MAC_DESIGNED_FOR_IPHONE_IPAD = NO;
				SWIFT_EMIT_LOC_STRINGS = YES;
				SWIFT_VERSION = 5.0;
				TARGETED_DEVICE_FAMILY = 1;
			};
			name = Release;
		};
		4D98E8912A5DB51F00A65848 /* Debug */ = {
			isa = XCBuildConfiguration;
			buildSettings = {
				ASSETCATALOG_COMPILER_APPICON_NAME = "iMessage App Icon";
				CODE_SIGN_STYLE = Automatic;
				CURRENT_PROJECT_VERSION = 1;
				DEVELOPMENT_TEAM = 56F54J4H3N;
				GENERATE_INFOPLIST_FILE = YES;
				INFOPLIST_FILE = Stickers/Info.plist;
				INFOPLIST_KEY_CFBundleDisplayName = Africa;
				IPHONEOS_DEPLOYMENT_TARGET = 16.4;
				MARKETING_VERSION = 1.0;
				PRODUCT_BUNDLE_IDENTIFIER = mobilesoftwareservices.AfricaApp.Stickers;
				PRODUCT_NAME = "$(TARGET_NAME)";
				SDKROOT = iphoneos;
				SKIP_INSTALL = YES;
				SWIFT_EMIT_LOC_STRINGS = YES;
				TARGETED_DEVICE_FAMILY = "1,2";
			};
			name = Debug;
		};
		4D98E8922A5DB51F00A65848 /* Release */ = {
			isa = XCBuildConfiguration;
			buildSettings = {
				ASSETCATALOG_COMPILER_APPICON_NAME = "iMessage App Icon";
				CODE_SIGN_STYLE = Automatic;
				CURRENT_PROJECT_VERSION = 1;
				DEVELOPMENT_TEAM = 56F54J4H3N;
				GENERATE_INFOPLIST_FILE = YES;
				INFOPLIST_FILE = Stickers/Info.plist;
				INFOPLIST_KEY_CFBundleDisplayName = Africa;
				IPHONEOS_DEPLOYMENT_TARGET = 16.4;
				MARKETING_VERSION = 1.0;
				PRODUCT_BUNDLE_IDENTIFIER = mobilesoftwareservices.AfricaApp.Stickers;
				PRODUCT_NAME = "$(TARGET_NAME)";
				SDKROOT = iphoneos;
				SKIP_INSTALL = YES;
				SWIFT_EMIT_LOC_STRINGS = YES;
				TARGETED_DEVICE_FAMILY = "1,2";
				VALIDATE_PRODUCT = YES;
			};
			name = Release;
		};
/* End XCBuildConfiguration section */

/* Begin XCConfigurationList section */
		4D4282E329DDB5690033C4BF /* Build configuration list for PBXProject "AfricaApp" */ = {
			isa = XCConfigurationList;
			buildConfigurations = (
				4D4282F529DDB56A0033C4BF /* Debug */,
				4D4282F629DDB56A0033C4BF /* Release */,
			);
			defaultConfigurationIsVisible = 0;
			defaultConfigurationName = Release;
		};
		4D4282F729DDB56A0033C4BF /* Build configuration list for PBXNativeTarget "AfricaApp" */ = {
			isa = XCConfigurationList;
			buildConfigurations = (
				4D4282F829DDB56A0033C4BF /* Debug */,
				4D4282F929DDB56A0033C4BF /* Release */,
			);
			defaultConfigurationIsVisible = 0;
			defaultConfigurationName = Release;
		};
		4D98E8902A5DB51F00A65848 /* Build configuration list for PBXNativeTarget "Stickers" */ = {
			isa = XCConfigurationList;
			buildConfigurations = (
				4D98E8912A5DB51F00A65848 /* Debug */,
				4D98E8922A5DB51F00A65848 /* Release */,
			);
			defaultConfigurationIsVisible = 0;
			defaultConfigurationName = Release;
		};
/* End XCConfigurationList section */
	};
	rootObject = 4D4282E029DDB5690033C4BF /* Project object */;
}
